
Microsoft Visual Studio Solution File, Format Version 12.00
# Visual Studio 14
VisualStudioVersion = 14.0.25420.1
MinimumVisualStudioVersion = 10.0.40219.1
Project("{2150E333-8FDC-42A3-9474-1A3956D46DE8}") = "src", "src", "{27C60A50-B35D-4850-A878-7591736E16DC}"
EndProject
Project("{2150E333-8FDC-42A3-9474-1A3956D46DE8}") = "Solution Items", "Solution Items", "{FE634B07-BDBF-4A6A-BA00-C6C84B2441C3}"
	ProjectSection(SolutionItems) = preProject
		global.json = global.json
	EndProjectSection
EndProject
Project("{8BB2217D-0F2D-49D1-97BC-3654ED321F3B}") = "WebApplication1", "src\WebApplication1\WebApplication1.xproj", "{B0EA8800-EF50-484A-8BCB-E625A81E4787}"
EndProject
Project("{FAE04EC0-301F-11D3-BF4B-00C04F79EFBC}") = "MenuParserWpfClient", "src\MenuParserWPF\MenuParserWpfClient.csproj", "{F6220902-951F-49A6-81F6-2959ED2E8DAA}"
EndProject
Project("{FAE04EC0-301F-11D3-BF4B-00C04F79EFBC}") = "Common", "src\Common\Common.csproj", "{DC22A62C-506F-4EB2-9B43-6BBED880D850}"
EndProject
Global
	GlobalSection(SolutionConfigurationPlatforms) = preSolution
		Debug|Any CPU = Debug|Any CPU
		Release|Any CPU = Release|Any CPU
	EndGlobalSection
	GlobalSection(ProjectConfigurationPlatforms) = postSolution
		{B0EA8800-EF50-484A-8BCB-E625A81E4787}.Debug|Any CPU.ActiveCfg = Debug|Any CPU
		{B0EA8800-EF50-484A-8BCB-E625A81E4787}.Debug|Any CPU.Build.0 = Debug|Any CPU
		{B0EA8800-EF50-484A-8BCB-E625A81E4787}.Release|Any CPU.ActiveCfg = Release|Any CPU
		{B0EA8800-EF50-484A-8BCB-E625A81E4787}.Release|Any CPU.Build.0 = Release|Any CPU
		{F6220902-951F-49A6-81F6-2959ED2E8DAA}.Debug|Any CPU.ActiveCfg = Debug|Any CPU
		{F6220902-951F-49A6-81F6-2959ED2E8DAA}.Debug|Any CPU.Build.0 = Debug|Any CPU
		{F6220902-951F-49A6-81F6-2959ED2E8DAA}.Release|Any CPU.ActiveCfg = Release|Any CPU
		{F6220902-951F-49A6-81F6-2959ED2E8DAA}.Release|Any CPU.Build.0 = Release|Any CPU
		{DC22A62C-506F-4EB2-9B43-6BBED880D850}.Debug|Any CPU.ActiveCfg = Debug|Any CPU
		{DC22A62C-506F-4EB2-9B43-6BBED880D850}.Debug|Any CPU.Build.0 = Debug|Any CPU
		{DC22A62C-506F-4EB2-9B43-6BBED880D850}.Release|Any CPU.ActiveCfg = Release|Any CPU
		{DC22A62C-506F-4EB2-9B43-6BBED880D850}.Release|Any CPU.Build.0 = Release|Any CPU
	EndGlobalSection
	GlobalSection(SolutionProperties) = preSolution
		HideSolutionNode = FALSE
	EndGlobalSection
	GlobalSection(NestedProjects) = preSolution
		{B0EA8800-EF50-484A-8BCB-E625A81E4787} = {27C60A50-B35D-4850-A878-7591736E16DC}
		{F6220902-951F-49A6-81F6-2959ED2E8DAA} = {27C60A50-B35D-4850-A878-7591736E16DC}
		{DC22A62C-506F-4EB2-9B43-6BBED880D850} = {27C60A50-B35D-4850-A878-7591736E16DC}
	EndGlobalSection
EndGlobal
